
Microsoft Visual Studio Solution File, Format Version 12.00
# Visual Studio Version 17
VisualStudioVersion = 17.10.35122.118
MinimumVisualStudioVersion = 10.0.40219.1
Project("{FAE04EC0-301F-11D3-BF4B-00C04F79EFBC}") = "ScreenSound", "ScreenSound\ScreenSound.csproj", "{27107948-9351-484D-816C-3229EB062DDD}"
EndProject
Global
	GlobalSection(SolutionConfigurationPlatforms) = preSolution
		Debug|Any CPU = Debug|Any CPU
		Release|Any CPU = Release|Any CPU
	EndGlobalSection
	GlobalSection(ProjectConfigurationPlatforms) = postSolution
		{27107948-9351-484D-816C-3229EB062DDD}.Debug|Any CPU.ActiveCfg = Debug|Any CPU
		{27107948-9351-484D-816C-3229EB062DDD}.Debug|Any CPU.Build.0 = Debug|Any CPU
		{27107948-9351-484D-816C-3229EB062DDD}.Release|Any CPU.ActiveCfg = Release|Any CPU
		{27107948-9351-484D-816C-3229EB062DDD}.Release|Any CPU.Build.0 = Release|Any CPU
	EndGlobalSection
	GlobalSection(SolutionProperties) = preSolution
		HideSolutionNode = FALSE
	EndGlobalSection
	GlobalSection(ExtensibilityGlobals) = postSolution
		SolutionGuid = {3D83FD79-3FDF-4193-B42D-1046A8608182}
	EndGlobalSection
EndGlobal
